// !$*UTF8*$!
{
	archiveVersion = 1;
	classes = {
	};
	objectVersion = 46;
	objects = {

/* Begin PBXBuildFile section */
		0C1AFBD11DD8BE60008A99A9 /* AppDelegate.swift in Sources */ = {isa = PBXBuildFile; fileRef = 0C1AFBD01DD8BE60008A99A9 /* AppDelegate.swift */; };
		0C1AFBD31DD8BE61008A99A9 /* FirstViewController.swift in Sources */ = {isa = PBXBuildFile; fileRef = 0C1AFBD21DD8BE61008A99A9 /* FirstViewController.swift */; };
		0C1AFBD51DD8BE61008A99A9 /* SecondViewController.swift in Sources */ = {isa = PBXBuildFile; fileRef = 0C1AFBD41DD8BE61008A99A9 /* SecondViewController.swift */; };
		0C1AFBDA1DD8BE63008A99A9 /* Assets.xcassets in Resources */ = {isa = PBXBuildFile; fileRef = 0C1AFBD91DD8BE63008A99A9 /* Assets.xcassets */; };
		0C1AFBDD1DD8BE63008A99A9 /* LaunchScreen.storyboard in Resources */ = {isa = PBXBuildFile; fileRef = 0C1AFBDB1DD8BE63008A99A9 /* LaunchScreen.storyboard */; };
		0C5DDF3D1DD9603A00B1064C /* LoginViewController.swift in Sources */ = {isa = PBXBuildFile; fileRef = 0C5DDF3C1DD9603A00B1064C /* LoginViewController.swift */; };
		0C5DDF411DD96B4900B1064C /* ThirdViewController.swift in Sources */ = {isa = PBXBuildFile; fileRef = 0C5DDF401DD96B4900B1064C /* ThirdViewController.swift */; };
		0C6E77801DD98324006CF1FF /* Utilities.swift in Sources */ = {isa = PBXBuildFile; fileRef = 0C6E777F1DD98324006CF1FF /* Utilities.swift */; };
		0C7332521DDA8ADD00688D07 /* Broadway FountainTALarge.jpg in Resources */ = {isa = PBXBuildFile; fileRef = 0C7332511DDA8ADD00688D07 /* Broadway FountainTALarge.jpg */; };
		0CA75C9E1DED0D9C009B5CDF /* GoogleService-Info.plist in Resources */ = {isa = PBXBuildFile; fileRef = 0CA75C9D1DED0D9C009B5CDF /* GoogleService-Info.plist */; };
		0CC22D8E1DE385A900E9A8CB /* Main.storyboard in Resources */ = {isa = PBXBuildFile; fileRef = 0C1AFBD61DD8BE61008A99A9 /* Main.storyboard */; };
		45D63CDEB1029474E297CB71 /* Pods_TMWH2.framework in Frameworks */ = {isa = PBXBuildFile; fileRef = DA6F713D5B7684F262F043EC /* Pods_TMWH2.framework */; };
/* End PBXBuildFile section */

/* Begin PBXFileReference section */
		0C1AFBCD1DD8BE60008A99A9 /* TMWH2.app */ = {isa = PBXFileReference; explicitFileType = wrapper.application; includeInIndex = 0; path = TMWH2.app; sourceTree = BUILT_PRODUCTS_DIR; };
		0C1AFBD01DD8BE60008A99A9 /* AppDelegate.swift */ = {isa = PBXFileReference; lastKnownFileType = sourcecode.swift; path = AppDelegate.swift; sourceTree = "<group>"; };
		0C1AFBD21DD8BE61008A99A9 /* FirstViewController.swift */ = {isa = PBXFileReference; lastKnownFileType = sourcecode.swift; path = FirstViewController.swift; sourceTree = "<group>"; };
		0C1AFBD41DD8BE61008A99A9 /* SecondViewController.swift */ = {isa = PBXFileReference; lastKnownFileType = sourcecode.swift; path = SecondViewController.swift; sourceTree = "<group>"; };
		0C1AFBD71DD8BE61008A99A9 /* Base */ = {isa = PBXFileReference; lastKnownFileType = file.storyboard; name = Base; path = Base.lproj/Main.storyboard; sourceTree = "<group>"; };
		0C1AFBD91DD8BE63008A99A9 /* Assets.xcassets */ = {isa = PBXFileReference; lastKnownFileType = folder.assetcatalog; path = Assets.xcassets; sourceTree = "<group>"; };
		0C1AFBDC1DD8BE63008A99A9 /* Base */ = {isa = PBXFileReference; lastKnownFileType = file.storyboard; name = Base; path = Base.lproj/LaunchScreen.storyboard; sourceTree = "<group>"; };
		0C1AFBDE1DD8BE63008A99A9 /* Info.plist */ = {isa = PBXFileReference; lastKnownFileType = text.plist.xml; path = Info.plist; sourceTree = "<group>"; };
		0C5DDF3C1DD9603A00B1064C /* LoginViewController.swift */ = {isa = PBXFileReference; fileEncoding = 4; lastKnownFileType = sourcecode.swift; path = LoginViewController.swift; sourceTree = "<group>"; };
		0C5DDF401DD96B4900B1064C /* ThirdViewController.swift */ = {isa = PBXFileReference; fileEncoding = 4; lastKnownFileType = sourcecode.swift; path = ThirdViewController.swift; sourceTree = "<group>"; };
		0C6E777F1DD98324006CF1FF /* Utilities.swift */ = {isa = PBXFileReference; fileEncoding = 4; lastKnownFileType = sourcecode.swift; path = Utilities.swift; sourceTree = "<group>"; };
		0C7332511DDA8ADD00688D07 /* Broadway FountainTALarge.jpg */ = {isa = PBXFileReference; lastKnownFileType = image.jpeg; path = "Broadway FountainTALarge.jpg"; sourceTree = "<group>"; };
		0CA75C9D1DED0D9C009B5CDF /* GoogleService-Info.plist */ = {isa = PBXFileReference; fileEncoding = 4; lastKnownFileType = text.plist.xml; path = "GoogleService-Info.plist"; sourceTree = "<group>"; };
		343914BF7DE9D2F5A150C9A2 /* Pods-TMWH2.debug.xcconfig */ = {isa = PBXFileReference; includeInIndex = 1; lastKnownFileType = text.xcconfig; name = "Pods-TMWH2.debug.xcconfig"; path = "Pods/Target Support Files/Pods-TMWH2/Pods-TMWH2.debug.xcconfig"; sourceTree = "<group>"; };
		65984BBF67D84E9D5F6B1308 /* Pods-TMWH2.release.xcconfig */ = {isa = PBXFileReference; includeInIndex = 1; lastKnownFileType = text.xcconfig; name = "Pods-TMWH2.release.xcconfig"; path = "Pods/Target Support Files/Pods-TMWH2/Pods-TMWH2.release.xcconfig"; sourceTree = "<group>"; };
		DA6F713D5B7684F262F043EC /* Pods_TMWH2.framework */ = {isa = PBXFileReference; explicitFileType = wrapper.framework; includeInIndex = 0; path = Pods_TMWH2.framework; sourceTree = BUILT_PRODUCTS_DIR; };
/* End PBXFileReference section */

/* Begin PBXFrameworksBuildPhase section */
		0C1AFBCA1DD8BE5F008A99A9 /* Frameworks */ = {
			isa = PBXFrameworksBuildPhase;
			buildActionMask = 2147483647;
			files = (
				45D63CDEB1029474E297CB71 /* Pods_TMWH2.framework in Frameworks */,
			);
			runOnlyForDeploymentPostprocessing = 0;
		};
/* End PBXFrameworksBuildPhase section */

/* Begin PBXGroup section */
		0C1AFBC41DD8BE5E008A99A9 = {
			isa = PBXGroup;
			children = (
				0C1AFBCF1DD8BE60008A99A9 /* TMWH2 */,
				0C1AFBCE1DD8BE60008A99A9 /* Products */,
				CCE1B4CA3BFD17350B8F953B /* Pods */,
				F1D38DFE17EB0EF1A59BC8E9 /* Frameworks */,
			);
			sourceTree = "<group>";
		};
		0C1AFBCE1DD8BE60008A99A9 /* Products */ = {
			isa = PBXGroup;
			children = (
				0C1AFBCD1DD8BE60008A99A9 /* TMWH2.app */,
			);
			name = Products;
			sourceTree = "<group>";
		};
		0C1AFBCF1DD8BE60008A99A9 /* TMWH2 */ = {
			isa = PBXGroup;
			children = (
				0C1AFBD01DD8BE60008A99A9 /* AppDelegate.swift */,
				0C7332511DDA8ADD00688D07 /* Broadway FountainTALarge.jpg */,
				0C1AFBD21DD8BE61008A99A9 /* FirstViewController.swift */,
				0C1AFBD41DD8BE61008A99A9 /* SecondViewController.swift */,
				0C1AFBD61DD8BE61008A99A9 /* Main.storyboard */,
				0C1AFBD91DD8BE63008A99A9 /* Assets.xcassets */,
				0CA75C9D1DED0D9C009B5CDF /* GoogleService-Info.plist */,
				0C1AFBDB1DD8BE63008A99A9 /* LaunchScreen.storyboard */,
				0C1AFBDE1DD8BE63008A99A9 /* Info.plist */,
				0C5DDF3C1DD9603A00B1064C /* LoginViewController.swift */,
				0C5DDF401DD96B4900B1064C /* ThirdViewController.swift */,
				0C6E777F1DD98324006CF1FF /* Utilities.swift */,
			);
			path = TMWH2;
			sourceTree = "<group>";
		};
		CCE1B4CA3BFD17350B8F953B /* Pods */ = {
			isa = PBXGroup;
			children = (
				343914BF7DE9D2F5A150C9A2 /* Pods-TMWH2.debug.xcconfig */,
				65984BBF67D84E9D5F6B1308 /* Pods-TMWH2.release.xcconfig */,
			);
			name = Pods;
			sourceTree = "<group>";
		};
		F1D38DFE17EB0EF1A59BC8E9 /* Frameworks */ = {
			isa = PBXGroup;
			children = (
				DA6F713D5B7684F262F043EC /* Pods_TMWH2.framework */,
			);
			name = Frameworks;
			sourceTree = "<group>";
		};
/* End PBXGroup section */

/* Begin PBXNativeTarget section */
		0C1AFBCC1DD8BE5F008A99A9 /* TMWH2 */ = {
			isa = PBXNativeTarget;
			buildConfigurationList = 0C1AFBE11DD8BE63008A99A9 /* Build configuration list for PBXNativeTarget "TMWH2" */;
			buildPhases = (
				0959669A912FBB3B1E1E9712 /* [CP] Check Pods Manifest.lock */,
				0C1AFBC91DD8BE5F008A99A9 /* Sources */,
				0C1AFBCA1DD8BE5F008A99A9 /* Frameworks */,
				0C1AFBCB1DD8BE5F008A99A9 /* Resources */,
				68CF435AA87B519C964B2F3F /* [CP] Embed Pods Frameworks */,
				F789512727BA91D84D9E7E23 /* [CP] Copy Pods Resources */,
			);
			buildRules = (
			);
			dependencies = (
			);
			name = TMWH2;
			productName = TMWH2;
			productReference = 0C1AFBCD1DD8BE60008A99A9 /* TMWH2.app */;
			productType = "com.apple.product-type.application";
		};
/* End PBXNativeTarget section */

/* Begin PBXProject section */
		0C1AFBC51DD8BE5F008A99A9 /* Project object */ = {
			isa = PBXProject;
			attributes = {
				LastSwiftUpdateCheck = 0810;
				LastUpgradeCheck = 0810;
				ORGANIZATIONNAME = "Margaret Kleiman";
				TargetAttributes = {
					0C1AFBCC1DD8BE5F008A99A9 = {
						CreatedOnToolsVersion = 8.1;
						DevelopmentTeam = 5CU77ED358;
						ProvisioningStyle = Automatic;
					};
				};
			};
			buildConfigurationList = 0C1AFBC81DD8BE5F008A99A9 /* Build configuration list for PBXProject "TMWH2" */;
			compatibilityVersion = "Xcode 3.2";
			developmentRegion = English;
			hasScannedForEncodings = 0;
			knownRegions = (
				en,
				Base,
			);
			mainGroup = 0C1AFBC41DD8BE5E008A99A9;
			productRefGroup = 0C1AFBCE1DD8BE60008A99A9 /* Products */;
			projectDirPath = "";
			projectRoot = "";
			targets = (
				0C1AFBCC1DD8BE5F008A99A9 /* TMWH2 */,
			);
		};
/* End PBXProject section */

/* Begin PBXResourcesBuildPhase section */
		0C1AFBCB1DD8BE5F008A99A9 /* Resources */ = {
			isa = PBXResourcesBuildPhase;
			buildActionMask = 2147483647;
			files = (
				0C1AFBDD1DD8BE63008A99A9 /* LaunchScreen.storyboard in Resources */,
				0CC22D8E1DE385A900E9A8CB /* Main.storyboard in Resources */,
				0CA75C9E1DED0D9C009B5CDF /* GoogleService-Info.plist in Resources */,
				0C7332521DDA8ADD00688D07 /* Broadway FountainTALarge.jpg in Resources */,
				0C1AFBDA1DD8BE63008A99A9 /* Assets.xcassets in Resources */,
			);
			runOnlyForDeploymentPostprocessing = 0;
		};
/* End PBXResourcesBuildPhase section */

/* Begin PBXShellScriptBuildPhase section */
		0959669A912FBB3B1E1E9712 /* [CP] Check Pods Manifest.lock */ = {
			isa = PBXShellScriptBuildPhase;
			buildActionMask = 2147483647;
			files = (
			);
			inputPaths = (
			);
			name = "[CP] Check Pods Manifest.lock";
			outputPaths = (
			);
			runOnlyForDeploymentPostprocessing = 0;
			shellPath = /bin/sh;
			shellScript = "diff \"${PODS_ROOT}/../Podfile.lock\" \"${PODS_ROOT}/Manifest.lock\" > /dev/null\nif [ $? != 0 ] ; then\n    # print error to STDERR\n    echo \"error: The sandbox is not in sync with the Podfile.lock. Run 'pod install' or update your CocoaPods installation.\" >&2\n    exit 1\nfi\n";
			showEnvVarsInLog = 0;
		};
		68CF435AA87B519C964B2F3F /* [CP] Embed Pods Frameworks */ = {
			isa = PBXShellScriptBuildPhase;
			buildActionMask = 2147483647;
			files = (
			);
			inputPaths = (
			);
			name = "[CP] Embed Pods Frameworks";
			outputPaths = (
			);
			runOnlyForDeploymentPostprocessing = 0;
			shellPath = /bin/sh;
			shellScript = "\"${SRCROOT}/Pods/Target Support Files/Pods-TMWH2/Pods-TMWH2-frameworks.sh\"\n";
			showEnvVarsInLog = 0;
		};
		F789512727BA91D84D9E7E23 /* [CP] Copy Pods Resources */ = {
			isa = PBXShellScriptBuildPhase;
			buildActionMask = 2147483647;
			files = (
			);
			inputPaths = (
			);
			name = "[CP] Copy Pods Resources";
			outputPaths = (
			);
			runOnlyForDeploymentPostprocessing = 0;
			shellPath = /bin/sh;
			shellScript = "\"${SRCROOT}/Pods/Target Support Files/Pods-TMWH2/Pods-TMWH2-resources.sh\"\n";
			showEnvVarsInLog = 0;
		};
/* End PBXShellScriptBuildPhase section */

/* Begin PBXSourcesBuildPhase section */
		0C1AFBC91DD8BE5F008A99A9 /* Sources */ = {
			isa = PBXSourcesBuildPhase;
			buildActionMask = 2147483647;
			files = (
				0C6E77801DD98324006CF1FF /* Utilities.swift in Sources */,
				0C5DDF3D1DD9603A00B1064C /* LoginViewController.swift in Sources */,
				0C1AFBD51DD8BE61008A99A9 /* SecondViewController.swift in Sources */,
				0C5DDF411DD96B4900B1064C /* ThirdViewController.swift in Sources */,
				0C1AFBD11DD8BE60008A99A9 /* AppDelegate.swift in Sources */,
				0C1AFBD31DD8BE61008A99A9 /* FirstViewController.swift in Sources */,
			);
			runOnlyForDeploymentPostprocessing = 0;
		};
/* End PBXSourcesBuildPhase section */

/* Begin PBXVariantGroup section */
		0C1AFBD61DD8BE61008A99A9 /* Main.storyboard */ = {
			isa = PBXVariantGroup;
			children = (
				0C1AFBD71DD8BE61008A99A9 /* Base */,
			);
			name = Main.storyboard;
			sourceTree = "<group>";
		};
		0C1AFBDB1DD8BE63008A99A9 /* LaunchScreen.storyboard */ = {
			isa = PBXVariantGroup;
			children = (
				0C1AFBDC1DD8BE63008A99A9 /* Base */,
			);
			name = LaunchScreen.storyboard;
			sourceTree = "<group>";
		};
/* End PBXVariantGroup section */

/* Begin XCBuildConfiguration section */
		0C1AFBDF1DD8BE63008A99A9 /* Debug */ = {
			isa = XCBuildConfiguration;
			buildSettings = {
				ALWAYS_SEARCH_USER_PATHS = NO;
				CLANG_ANALYZER_NONNULL = YES;
				CLANG_CXX_LANGUAGE_STANDARD = "gnu++0x";
				CLANG_CXX_LIBRARY = "libc++";
				CLANG_ENABLE_MODULES = YES;
				CLANG_ENABLE_OBJC_ARC = YES;
				CLANG_WARN_BOOL_CONVERSION = YES;
				CLANG_WARN_CONSTANT_CONVERSION = YES;
				CLANG_WARN_DIRECT_OBJC_ISA_USAGE = YES_ERROR;
				CLANG_WARN_DOCUMENTATION_COMMENTS = YES;
				CLANG_WARN_EMPTY_BODY = YES;
				CLANG_WARN_ENUM_CONVERSION = YES;
				CLANG_WARN_INFINITE_RECURSION = YES;
				CLANG_WARN_INT_CONVERSION = YES;
				CLANG_WARN_OBJC_ROOT_CLASS = YES_ERROR;
				CLANG_WARN_SUSPICIOUS_MOVE = YES;
				CLANG_WARN_SUSPICIOUS_MOVES = YES;
				CLANG_WARN_UNREACHABLE_CODE = YES;
				CLANG_WARN__DUPLICATE_METHOD_MATCH = YES;
				"CODE_SIGN_IDENTITY[sdk=iphoneos*]" = "iPhone Developer";
				COPY_PHASE_STRIP = NO;
				DEBUG_INFORMATION_FORMAT = dwarf;
				ENABLE_STRICT_OBJC_MSGSEND = YES;
				ENABLE_TESTABILITY = YES;
				GCC_C_LANGUAGE_STANDARD = gnu99;
				GCC_DYNAMIC_NO_PIC = NO;
				GCC_NO_COMMON_BLOCKS = YES;
				GCC_OPTIMIZATION_LEVEL = 0;
				GCC_PREPROCESSOR_DEFINITIONS = (
					"DEBUG=1",
					"$(inherited)",
				);
				GCC_WARN_64_TO_32_BIT_CONVERSION = YES;
				GCC_WARN_ABOUT_RETURN_TYPE = YES_ERROR;
				GCC_WARN_UNDECLARED_SELECTOR = YES;
				GCC_WARN_UNINITIALIZED_AUTOS = YES_AGGRESSIVE;
				GCC_WARN_UNUSED_FUNCTION = YES;
				GCC_WARN_UNUSED_VARIABLE = YES;
				IPHONEOS_DEPLOYMENT_TARGET = 10.1;
				MTL_ENABLE_DEBUG_INFO = YES;
				ONLY_ACTIVE_ARCH = YES;
				SDKROOT = iphoneos;
				SWIFT_ACTIVE_COMPILATION_CONDITIONS = DEBUG;
				SWIFT_OPTIMIZATION_LEVEL = "-Onone";
				TARGETED_DEVICE_FAMILY = "1,2";
			};
			name = Debug;
		};
		0C1AFBE01DD8BE63008A99A9 /* Release */ = {
			isa = XCBuildConfiguration;
			buildSettings = {
				ALWAYS_SEARCH_USER_PATHS = NO;
				CLANG_ANALYZER_NONNULL = YES;
				CLANG_CXX_LANGUAGE_STANDARD = "gnu++0x";
				CLANG_CXX_LIBRARY = "libc++";
				CLANG_ENABLE_MODULES = YES;
				CLANG_ENABLE_OBJC_ARC = YES;
				CLANG_WARN_BOOL_CONVERSION = YES;
				CLANG_WARN_CONSTANT_CONVERSION = YES;
				CLANG_WARN_DIRECT_OBJC_ISA_USAGE = YES_ERROR;
				CLANG_WARN_DOCUMENTATION_COMMENTS = YES;
				CLANG_WARN_EMPTY_BODY = YES;
				CLANG_WARN_ENUM_CONVERSION = YES;
				CLANG_WARN_INFINITE_RECURSION = YES;
				CLANG_WARN_INT_CONVERSION = YES;
				CLANG_WARN_OBJC_ROOT_CLASS = YES_ERROR;
				CLANG_WARN_SUSPICIOUS_MOVE = YES;
				CLANG_WARN_SUSPICIOUS_MOVES = YES;
				CLANG_WARN_UNREACHABLE_CODE = YES;
				CLANG_WARN__DUPLICATE_METHOD_MATCH = YES;
				"CODE_SIGN_IDENTITY[sdk=iphoneos*]" = "iPhone Developer";
				COPY_PHASE_STRIP = NO;
				DEBUG_INFORMATION_FORMAT = "dwarf-with-dsym";
				ENABLE_NS_ASSERTIONS = NO;
				ENABLE_STRICT_OBJC_MSGSEND = YES;
				GCC_C_LANGUAGE_STANDARD = gnu99;
				GCC_NO_COMMON_BLOCKS = YES;
				GCC_WARN_64_TO_32_BIT_CONVERSION = YES;
				GCC_WARN_ABOUT_RETURN_TYPE = YES_ERROR;
				GCC_WARN_UNDECLARED_SELECTOR = YES;
				GCC_WARN_UNINITIALIZED_AUTOS = YES_AGGRESSIVE;
				GCC_WARN_UNUSED_FUNCTION = YES;
				GCC_WARN_UNUSED_VARIABLE = YES;
				IPHONEOS_DEPLOYMENT_TARGET = 10.1;
				MTL_ENABLE_DEBUG_INFO = NO;
				SDKROOT = iphoneos;
				SWIFT_OPTIMIZATION_LEVEL = "-Owholemodule";
				TARGETED_DEVICE_FAMILY = "1,2";
				VALIDATE_PRODUCT = YES;
			};
			name = Release;
		};
		0C1AFBE21DD8BE63008A99A9 /* Debug */ = {
			isa = XCBuildConfiguration;
			baseConfigurationReference = 343914BF7DE9D2F5A150C9A2 /* Pods-TMWH2.debug.xcconfig */;
			buildSettings = {
				ASSETCATALOG_COMPILER_APPICON_NAME = AppIcon;
				DEVELOPMENT_TEAM = 5CU77ED358;
				INFOPLIST_FILE = TMWH2/Info.plist;
				LD_RUNPATH_SEARCH_PATHS = "$(inherited) @executable_path/Frameworks";
				PRODUCT_BUNDLE_IDENTIFIER = com.MargaretKleiman.TMWH2;
				PRODUCT_NAME = "$(TARGET_NAME)";
				SWIFT_VERSION = 3.0;
			};
			name = Debug;
		};
		0C1AFBE31DD8BE63008A99A9 /* Release */ = {
			isa = XCBuildConfiguration;
			baseConfigurationReference = 65984BBF67D84E9D5F6B1308 /* Pods-TMWH2.release.xcconfig */;
			buildSettings = {
				ASSETCATALOG_COMPILER_APPICON_NAME = AppIcon;
				DEVELOPMENT_TEAM = 5CU77ED358;
				INFOPLIST_FILE = TMWH2/Info.plist;
				LD_RUNPATH_SEARCH_PATHS = "$(inherited) @executable_path/Frameworks";
				PRODUCT_BUNDLE_IDENTIFIER = com.MargaretKleiman.TMWH2;
				PRODUCT_NAME = "$(TARGET_NAME)";
				SWIFT_VERSION = 3.0;
			};
			name = Release;
		};
/* End XCBuildConfiguration section */

/* Begin XCConfigurationList section */
		0C1AFBC81DD8BE5F008A99A9 /* Build configuration list for PBXProject "TMWH2" */ = {
			isa = XCConfigurationList;
			buildConfigurations = (
				0C1AFBDF1DD8BE63008A99A9 /* Debug */,
				0C1AFBE01DD8BE63008A99A9 /* Release */,
			);
			defaultConfigurationIsVisible = 0;
			defaultConfigurationName = Release;
		};
		0C1AFBE11DD8BE63008A99A9 /* Build configuration list for PBXNativeTarget "TMWH2" */ = {
			isa = XCConfigurationList;
			buildConfigurations = (
				0C1AFBE21DD8BE63008A99A9 /* Debug */,
				0C1AFBE31DD8BE63008A99A9 /* Release */,
			);
			defaultConfigurationIsVisible = 0;
			defaultConfigurationName = Release;
		};
/* End XCConfigurationList section */
	};
	rootObject = 0C1AFBC51DD8BE5F008A99A9 /* Project object */;
}
